
Microsoft Visual Studio Solution File, Format Version 12.00
# Visual Studio Version 17
VisualStudioVersion = 17.8.34316.72
MinimumVisualStudioVersion = 10.0.40219.1
Project("{FAE04EC0-301F-11D3-BF4B-00C04F79EFBC}") = "HW19", "HW19\HW19.csproj", "{78218E0A-9E35-4722-A851-2BCD98C65D79}"
EndProject
Global
	GlobalSection(SolutionConfigurationPlatforms) = preSolution
		Debug|Any CPU = Debug|Any CPU
		Release|Any CPU = Release|Any CPU
	EndGlobalSection
	GlobalSection(ProjectConfigurationPlatforms) = postSolution
		{78218E0A-9E35-4722-A851-2BCD98C65D79}.Debug|Any CPU.ActiveCfg = Debug|Any CPU
		{78218E0A-9E35-4722-A851-2BCD98C65D79}.Debug|Any CPU.Build.0 = Debug|Any CPU
		{78218E0A-9E35-4722-A851-2BCD98C65D79}.Release|Any CPU.ActiveCfg = Release|Any CPU
		{78218E0A-9E35-4722-A851-2BCD98C65D79}.Release|Any CPU.Build.0 = Release|Any CPU
	EndGlobalSection
	GlobalSection(SolutionProperties) = preSolution
		HideSolutionNode = FALSE
	EndGlobalSection
	GlobalSection(ExtensibilityGlobals) = postSolution
		SolutionGuid = {70ED53F6-2E89-41B3-BD64-25C9368D47BF}
	EndGlobalSection
EndGlobal
